
Microsoft Visual Studio Solution File, Format Version 12.00
# Visual Studio Version 16
VisualStudioVersion = 16.0.33027.164
MinimumVisualStudioVersion = 10.0.40219.1
Project("{9A19103F-16F7-4668-BE54-9A1E7A4F7556}") = "P01. Numbers Ending in 7", "P01. Numbers Ending in 7\P01. Numbers Ending in 7.csproj", "{F0F72AF8-59BD-437B-B416-CCD15A324298}"
EndProject
Project("{9A19103F-16F7-4668-BE54-9A1E7A4F7556}") = "P02. Half Sum Element", "P02. Half Sum Element\P02. Half Sum Element.csproj", "{D2EEAFF0-AC85-48E7-99E2-41D0E0DA7DCE}"
EndProject
Project("{FAE04EC0-301F-11D3-BF4B-00C04F79EFBC}") = "P03. Histogram", "P03. Histogram\P03. Histogram.csproj", "{D40E2097-597E-4097-B864-258B691E480F}"
EndProject
Project("{FAE04EC0-301F-11D3-BF4B-00C04F79EFBC}") = "P04. Clever Lily", "P04. Clever Lily\P04. Clever Lily.csproj", "{3EF6F357-861B-4CEF-AB7B-132D1EE30B30}"
EndProject
Project("{FAE04EC0-301F-11D3-BF4B-00C04F79EFBC}") = "P05. Salary", "P05. Salary\P05. Salary.csproj", "{BCFA1B20-00F2-4B4F-8887-D3690B50F5C3}"
EndProject
Project("{FAE04EC0-301F-11D3-BF4B-00C04F79EFBC}") = "P06. Oscars", "P06. Oscars\P06. Oscars.csproj", "{9C91FBA9-1483-4012-B59B-5CB14AF80CB9}"
EndProject
Project("{FAE04EC0-301F-11D3-BF4B-00C04F79EFBC}") = "P07. Trekking Mania", "P07. Trekking Mania\P07. Trekking Mania.csproj", "{B908ED8B-860B-4638-A4FB-F28A408A7F3A}"
EndProject
Project("{FAE04EC0-301F-11D3-BF4B-00C04F79EFBC}") = "P08. Tennis Ranklist", "P08. Tennis Ranklist\P08. Tennis Ranklist.csproj", "{240156B8-D71F-49F2-A895-A735B6DDCC6B}"
EndProject
Global
	GlobalSection(SolutionConfigurationPlatforms) = preSolution
		Debug|Any CPU = Debug|Any CPU
		Release|Any CPU = Release|Any CPU
	EndGlobalSection
	GlobalSection(ProjectConfigurationPlatforms) = postSolution
		{F0F72AF8-59BD-437B-B416-CCD15A324298}.Debug|Any CPU.ActiveCfg = Debug|Any CPU
		{F0F72AF8-59BD-437B-B416-CCD15A324298}.Debug|Any CPU.Build.0 = Debug|Any CPU
		{F0F72AF8-59BD-437B-B416-CCD15A324298}.Release|Any CPU.ActiveCfg = Release|Any CPU
		{F0F72AF8-59BD-437B-B416-CCD15A324298}.Release|Any CPU.Build.0 = Release|Any CPU
		{D2EEAFF0-AC85-48E7-99E2-41D0E0DA7DCE}.Debug|Any CPU.ActiveCfg = Debug|Any CPU
		{D2EEAFF0-AC85-48E7-99E2-41D0E0DA7DCE}.Debug|Any CPU.Build.0 = Debug|Any CPU
		{D2EEAFF0-AC85-48E7-99E2-41D0E0DA7DCE}.Release|Any CPU.ActiveCfg = Release|Any CPU
		{D2EEAFF0-AC85-48E7-99E2-41D0E0DA7DCE}.Release|Any CPU.Build.0 = Release|Any CPU
		{D40E2097-597E-4097-B864-258B691E480F}.Debug|Any CPU.ActiveCfg = Debug|Any CPU
		{D40E2097-597E-4097-B864-258B691E480F}.Debug|Any CPU.Build.0 = Debug|Any CPU
		{D40E2097-597E-4097-B864-258B691E480F}.Release|Any CPU.ActiveCfg = Release|Any CPU
		{D40E2097-597E-4097-B864-258B691E480F}.Release|Any CPU.Build.0 = Release|Any CPU
		{3EF6F357-861B-4CEF-AB7B-132D1EE30B30}.Debug|Any CPU.ActiveCfg = Debug|Any CPU
		{3EF6F357-861B-4CEF-AB7B-132D1EE30B30}.Debug|Any CPU.Build.0 = Debug|Any CPU
		{3EF6F357-861B-4CEF-AB7B-132D1EE30B30}.Release|Any CPU.ActiveCfg = Release|Any CPU
		{3EF6F357-861B-4CEF-AB7B-132D1EE30B30}.Release|Any CPU.Build.0 = Release|Any CPU
		{BCFA1B20-00F2-4B4F-8887-D3690B50F5C3}.Debug|Any CPU.ActiveCfg = Debug|Any CPU
		{BCFA1B20-00F2-4B4F-8887-D3690B50F5C3}.Debug|Any CPU.Build.0 = Debug|Any CPU
		{BCFA1B20-00F2-4B4F-8887-D3690B50F5C3}.Release|Any CPU.ActiveCfg = Release|Any CPU
		{BCFA1B20-00F2-4B4F-8887-D3690B50F5C3}.Release|Any CPU.Build.0 = Release|Any CPU
		{9C91FBA9-1483-4012-B59B-5CB14AF80CB9}.Debug|Any CPU.ActiveCfg = Debug|Any CPU
		{9C91FBA9-1483-4012-B59B-5CB14AF80CB9}.Debug|Any CPU.Build.0 = Debug|Any CPU
		{9C91FBA9-1483-4012-B59B-5CB14AF80CB9}.Release|Any CPU.ActiveCfg = Release|Any CPU
		{9C91FBA9-1483-4012-B59B-5CB14AF80CB9}.Release|Any CPU.Build.0 = Release|Any CPU
		{B908ED8B-860B-4638-A4FB-F28A408A7F3A}.Debug|Any CPU.ActiveCfg = Debug|Any CPU
		{B908ED8B-860B-4638-A4FB-F28A408A7F3A}.Debug|Any CPU.Build.0 = Debug|Any CPU
		{B908ED8B-860B-4638-A4FB-F28A408A7F3A}.Release|Any CPU.ActiveCfg = Release|Any CPU
		{B908ED8B-860B-4638-A4FB-F28A408A7F3A}.Release|Any CPU.Build.0 = Release|Any CPU
		{240156B8-D71F-49F2-A895-A735B6DDCC6B}.Debug|Any CPU.ActiveCfg = Debug|Any CPU
		{240156B8-D71F-49F2-A895-A735B6DDCC6B}.Debug|Any CPU.Build.0 = Debug|Any CPU
		{240156B8-D71F-49F2-A895-A735B6DDCC6B}.Release|Any CPU.ActiveCfg = Release|Any CPU
		{240156B8-D71F-49F2-A895-A735B6DDCC6B}.Release|Any CPU.Build.0 = Release|Any CPU
	EndGlobalSection
	GlobalSection(SolutionProperties) = preSolution
		HideSolutionNode = FALSE
	EndGlobalSection
	GlobalSection(ExtensibilityGlobals) = postSolution
		SolutionGuid = {FE6838CE-E2B4-40F9-BF70-71192ADE5C0F}
	EndGlobalSection
EndGlobal
