
Microsoft Visual Studio Solution File, Format Version 12.00
# Visual Studio Version 16
VisualStudioVersion = 16.0.33027.164
MinimumVisualStudioVersion = 10.0.40219.1
Project("{FAE04EC0-301F-11D3-BF4B-00C04F79EFBC}") = "P01. Number Pyramid", "P01. Number Pyramid\P01. Number Pyramid.csproj", "{66D85A8A-080B-45A3-887B-09F6131371A4}"
EndProject
Project("{FAE04EC0-301F-11D3-BF4B-00C04F79EFBC}") = "P02. Equal Sums Even Odd Position", "P02. Equal Sums Even Odd Position\P02. Equal Sums Even Odd Position.csproj", "{29786A09-B585-4120-B701-54E0C78A3893}"
EndProject
Project("{FAE04EC0-301F-11D3-BF4B-00C04F79EFBC}") = "P03. Sum Prime Non Prime", "P03. Sum Prime Non Prime\P03. Sum Prime Non Prime.csproj", "{EBADB859-4C3F-4E0F-B2E3-1583ACEA7907}"
EndProject
Project("{FAE04EC0-301F-11D3-BF4B-00C04F79EFBC}") = "P04. Train The Trainers", "P04. Train The Trainers\P04. Train The Trainers.csproj", "{22DA7C53-6CCE-43DA-A556-7CD61BBC1A46}"
EndProject
Project("{FAE04EC0-301F-11D3-BF4B-00C04F79EFBC}") = "P05. Special Numbers", "P05. Special Numbers\P05. Special Numbers.csproj", "{5BEEC025-B307-4D1A-A056-DF12C56E8A0C}"
EndProject
Global
	GlobalSection(SolutionConfigurationPlatforms) = preSolution
		Debug|Any CPU = Debug|Any CPU
		Release|Any CPU = Release|Any CPU
	EndGlobalSection
	GlobalSection(ProjectConfigurationPlatforms) = postSolution
		{66D85A8A-080B-45A3-887B-09F6131371A4}.Debug|Any CPU.ActiveCfg = Debug|Any CPU
		{66D85A8A-080B-45A3-887B-09F6131371A4}.Debug|Any CPU.Build.0 = Debug|Any CPU
		{66D85A8A-080B-45A3-887B-09F6131371A4}.Release|Any CPU.ActiveCfg = Release|Any CPU
		{66D85A8A-080B-45A3-887B-09F6131371A4}.Release|Any CPU.Build.0 = Release|Any CPU
		{29786A09-B585-4120-B701-54E0C78A3893}.Debug|Any CPU.ActiveCfg = Debug|Any CPU
		{29786A09-B585-4120-B701-54E0C78A3893}.Debug|Any CPU.Build.0 = Debug|Any CPU
		{29786A09-B585-4120-B701-54E0C78A3893}.Release|Any CPU.ActiveCfg = Release|Any CPU
		{29786A09-B585-4120-B701-54E0C78A3893}.Release|Any CPU.Build.0 = Release|Any CPU
		{EBADB859-4C3F-4E0F-B2E3-1583ACEA7907}.Debug|Any CPU.ActiveCfg = Debug|Any CPU
		{EBADB859-4C3F-4E0F-B2E3-1583ACEA7907}.Debug|Any CPU.Build.0 = Debug|Any CPU
		{EBADB859-4C3F-4E0F-B2E3-1583ACEA7907}.Release|Any CPU.ActiveCfg = Release|Any CPU
		{EBADB859-4C3F-4E0F-B2E3-1583ACEA7907}.Release|Any CPU.Build.0 = Release|Any CPU
		{22DA7C53-6CCE-43DA-A556-7CD61BBC1A46}.Debug|Any CPU.ActiveCfg = Debug|Any CPU
		{22DA7C53-6CCE-43DA-A556-7CD61BBC1A46}.Debug|Any CPU.Build.0 = Debug|Any CPU
		{22DA7C53-6CCE-43DA-A556-7CD61BBC1A46}.Release|Any CPU.ActiveCfg = Release|Any CPU
		{22DA7C53-6CCE-43DA-A556-7CD61BBC1A46}.Release|Any CPU.Build.0 = Release|Any CPU
		{5BEEC025-B307-4D1A-A056-DF12C56E8A0C}.Debug|Any CPU.ActiveCfg = Debug|Any CPU
		{5BEEC025-B307-4D1A-A056-DF12C56E8A0C}.Debug|Any CPU.Build.0 = Debug|Any CPU
		{5BEEC025-B307-4D1A-A056-DF12C56E8A0C}.Release|Any CPU.ActiveCfg = Release|Any CPU
		{5BEEC025-B307-4D1A-A056-DF12C56E8A0C}.Release|Any CPU.Build.0 = Release|Any CPU
	EndGlobalSection
	GlobalSection(SolutionProperties) = preSolution
		HideSolutionNode = FALSE
	EndGlobalSection
	GlobalSection(ExtensibilityGlobals) = postSolution
		SolutionGuid = {29FA4DA1-7A1D-4AD5-83AE-FD6DDA7E633F}
	EndGlobalSection
EndGlobal
